{
  "name": "test-app",
  "lockfileVersion": 3,
  "requires": true,
  "packages": {
    "": {
      "dependencies": {
        "acontplus-utils": "file:../../dist/acontplus-utils"
      }
    },
    "../../dist/acontplus-utils": {
      "version": "0.1.0",
      "license": "MIT",
      "dependencies": {
        "jwt-decode": "^4.0.0",
        "ngx-toastr": "^19.0.0",
        "rxjs": "^7.8.2",
        "tslib": "^2.8.1"
      }
    },
    "node_modules/acontplus-utils": {
      "resolved": "../../dist/acontplus-utils",
      "link": true
    }
  }
}
